# THIS IS AN AUTOGENERATED FILE. DO NOT EDIT THIS FILE DIRECTLY.
# yarn lockfile v1


"@babel/runtime@^7.3.4", "@babel/runtime@^7.8.4":
  version "7.20.6"
  resolved "https://registry.yarnpkg.com/@babel/runtime/-/runtime-7.20.6.tgz#facf4879bfed9b5326326273a64220f099b0fce3"
  integrity sha512-Q+8MqP7TiHMWzSfwiJwXCjyf4GYA4Dgw3emg/7xmwsdLJOZUp+nMqcOwOzzYheuM1rhDu8FSj2l0aoMygEuXuA==
  dependencies:
    regenerator-runtime "^0.13.11"

async-limiter@~1.0.0:
  version "1.0.1"
  resolved "https://registry.yarnpkg.com/async-limiter/-/async-limiter-1.0.1.tgz#dd379e94f0db8310b08291f9d64c3209766617fd"
  integrity sha512-csOlWGAcRFJaI6m+F2WKdnMKr4HhdhFVBk0H/QbJFMCr+uO2kwohwXQPxw/9OCxp05r5ghVBFSyioixx3gfkNQ==

core-js@^2.6.9:
  version "2.6.12"
  resolved "https://registry.yarnpkg.com/core-js/-/core-js-2.6.12.tgz#d9333dfa7b065e347cc5682219d6f690859cc2ec"
  integrity sha512-Kb2wC0fvsWfQrgk8HU5lW6U/Lcs8+9aaYcy4ZFc6DDlo4nZ7n70dEgE5rtR0oG6ufKDUnrwfWL1mXR5ljDatrQ==

core-js@^3.6.4:
  version "3.26.1"
  resolved "https://registry.yarnpkg.com/core-js/-/core-js-3.26.1.tgz#7a9816dabd9ee846c1c0fe0e8fcad68f3709134e"
  integrity sha512-21491RRQVzUn0GGM9Z1Jrpr6PNPxPi+Za8OM9q4tksTSnlbXXGKK1nXNg/QvwFYettXvSX6zWKCtHHfjN4puyA==

d3-array@^1.2.1:
  version "1.2.4"
  resolved "https://registry.yarnpkg.com/d3-array/-/d3-array-1.2.4.tgz#635ce4d5eea759f6f605863dbcfc30edc737f71f"
  integrity sha512-KHW6M86R+FUPYGb3R5XiYjXPq7VzwxZ22buHhAEVG5ztoEcZZMLov530mmccaqA1GghZArjQV46fuc8kUqhhHw==

detectie@1.0.0:
  version "1.0.0"
  resolved "https://registry.yarnpkg.com/detectie/-/detectie-1.0.0.tgz#66b2cae2236d4d29ef71161180957bf89fbe535d"
  integrity sha512-1zThEupxHYmA+HBWT1BDjxwvppzC8mMBNlt+94rSqrZKvbew//VdHOFsvFO1eG8kdwEJub05qR8vfurXPu3UVg==

fflate@^0.7.2:
  version "0.7.4"
  resolved "https://registry.yarnpkg.com/fflate/-/fflate-0.7.4.tgz#61587e5d958fdabb5a9368a302c25363f4f69f50"
  integrity sha512-5u2V/CDW15QM1XbbgS+0DfPxVB+jUKhWEKuuFuHncbk3tEEqzmoXL+2KyOFuKGqOnmdIy0/davWF1CkuwtibCw==

flatbuffers@^1.10.2:
  version "1.12.0"
  resolved "https://registry.yarnpkg.com/flatbuffers/-/flatbuffers-1.12.0.tgz#72e87d1726cb1b216e839ef02658aa87dcef68aa"
  integrity sha512-c7CZADjRcl6j0PlvFy0ZqXQ67qSEZfrVPynmnL+2zPc+NtMvrF8Y0QceMo7QqnSPc7+uWjUIAbvCQ5WIKlMVdQ==

jsverify@^0.8.4:
  version "0.8.4"
  resolved "https://registry.yarnpkg.com/jsverify/-/jsverify-0.8.4.tgz#b914ccc024103d946b503f18ee780ec43febeece"
  integrity sha512-nUG73Sfi8L4eOkc7pv9sflgAm43v+z6XMuePGVdRoBUxBLJiVcMcf3Xgc4h19eHHF3JwsaagOkUu825UnPBLJw==
  dependencies:
    lazy-seq "^1.0.0"
    rc4 "~0.1.5"
    trampa "^1.0.0"
    typify-parser "^1.1.0"

lazy-seq@^1.0.0:
  version "1.0.0"
  resolved "https://registry.yarnpkg.com/lazy-seq/-/lazy-seq-1.0.0.tgz#880cb8aab256026382e02f53ec089682a74c5b6a"
  integrity sha512-AQ4vRcnULa7FX6R6YTAjKQAE1MuEThidVQm0TEtTpedaBpnOwid5k6go16E5NDkafel1xAsZL73WkwdG03IzhA==

lodash@^4.17.4:
  version "4.17.21"
  resolved "https://registry.yarnpkg.com/lodash/-/lodash-4.17.21.tgz#679591c564c3bffaae8454cf0b3df370c3d6911c"
  integrity sha512-v2kDEe57lecTulaDIuNTPy3Ry4gLGJ6Z1O3vE1krgXZNrsQ+LFTGHVxVjcXPs17LhbZVGedAJv8XZ1tvj5FvSg==

microtime@^3.0.0:
  version "3.1.1"
  resolved "https://registry.yarnpkg.com/microtime/-/microtime-3.1.1.tgz#f3ce12f4091c55fb2982c87205e2e7698afdcd0c"
  integrity sha512-to1r7o24cDsud9IhN6/8wGmMx5R2kT0w2Xwm5okbYI3d1dk6Xv0m+Z+jg2vS9pt+ocgQHTCtgs/YuyJhySzxNg==
  dependencies:
    node-addon-api "^5.0.0"
    node-gyp-build "^4.4.0"

moment@^2.19.1:
  version "2.29.4"
  resolved "https://registry.yarnpkg.com/moment/-/moment-2.29.4.tgz#3dbe052889fe7c1b2ed966fcb3a77328964ef108"
  integrity sha512-5LC9SOxjSc2HF6vO2CyuTDNivEdoz2IvyJJGj6X8DJ0eFyfszE0QiEd+iXmBvUP3WHxSjFH/vIsA0EN00cgr8w==

node-addon-api@^5.0.0:
  version "5.0.0"
  resolved "https://registry.yarnpkg.com/node-addon-api/-/node-addon-api-5.0.0.tgz#7d7e6f9ef89043befdb20c1989c905ebde18c501"
  integrity sha512-CvkDw2OEnme7ybCykJpVcKH+uAOLV2qLqiyla128dN9TkEWfrYmxG6C2boDe5KcNQqZF3orkqzGgOMvZ/JNekA==

node-gyp-build@^4.4.0:
  version "4.5.0"
  resolved "https://registry.yarnpkg.com/node-gyp-build/-/node-gyp-build-4.5.0.tgz#7a64eefa0b21112f89f58379da128ac177f20e40"
  integrity sha512-2iGbaQBV+ITgCz76ZEjmhUKAKVf7xfY1sRl4UiKQspfZMH2h06SyhNsnSVy50cwkFQDGLyif6m/6uFXHkOZ6rg==

papaparse@^4.3.6:
  version "4.6.3"
  resolved "https://registry.yarnpkg.com/papaparse/-/papaparse-4.6.3.tgz#742e5eaaa97fa6c7e1358d2934d8f18f44aee781"
  integrity sha512-LRq7BrHC2kHPBYSD50aKuw/B/dGcg29omyJbKWY3KsYUZU69RKwaBHu13jGmCYBtOc4odsLCrFyk6imfyNubJQ==

papaparse@^5.2.0:
  version "5.3.2"
  resolved "https://registry.yarnpkg.com/papaparse/-/papaparse-5.3.2.tgz#d1abed498a0ee299f103130a6109720404fbd467"
  integrity sha512-6dNZu0Ki+gyV0eBsFKJhYr+MdQYAzFUGlBMNj3GNrmHxmz1lfRa24CjFObPXtjcetlOv5Ad299MhIK0znp3afw==

"perspective-0-10-0@npm:@finos/perspective@0.10.0":
  version "0.10.0"
  resolved "https://registry.yarnpkg.com/@finos/perspective/-/perspective-0.10.0.tgz#7eea7701e533dc3ee52e33760ca06e3b77328b32"
  integrity sha512-PmsUiaOjChJaivDxGLNH8vAw8lG98OLlPjKCvci3iAFAEclGKMhSkHP/qYDU+NUZSPqsvk2Rf66TFsK8aiy/jg==
  dependencies:
    "@babel/runtime" "^7.8.4"
    core-js "^3.6.4"
    d3-array "^1.2.1"
    detectie "1.0.0"
    flatbuffers "^1.10.2"
    lodash "^4.17.4"
    text-encoding-utf-8 "^1.0.2"
    tslib "^1.9.3"
    ws "^6.1.2"

"perspective-0-4-0@npm:@finos/perspective@0.4.0":
  version "0.4.0"
  resolved "https://registry.yarnpkg.com/@finos/perspective/-/perspective-0.4.0.tgz#a1546bd824a8a55585104ef9b7569ac30ec422a9"
  integrity sha512-1hbfGSnjpRUUDGR2cf3okI9axJyrx2vp+Js/OJWF7b2PGQgaPBw4gJzoqArEUYDhB2WnGFIkEFiV+RANmxr7AQ==
  dependencies:
    "@babel/runtime" "^7.3.4"
    core-js "^2.6.9"
    d3-array "^1.2.1"
    detectie "1.0.0"
    flatbuffers "^1.10.2"
    lodash "^4.17.4"
    moment "^2.19.1"
    papaparse "^4.3.6"
    text-encoding-utf-8 "^1.0.2"
    tslib "^1.9.3"
    ws "^6.1.2"

"perspective-0-5-0@npm:@finos/perspective@0.5.0":
  version "0.5.0"
  resolved "https://registry.yarnpkg.com/@finos/perspective/-/perspective-0.5.0.tgz#2ccd24cf0889e6b56d18591a46dfc07829c141e4"
  integrity sha512-VHKBjB8Q6nHaQeGJdwX7wnhna4WSMDpVbWoEWbICe7b/ooV4T3kpYk8n8dpzIJpAMdPuN4TZjxRylaQdh4HiRw==
  dependencies:
    "@babel/runtime" "^7.8.4"
    core-js "^3.6.4"
    d3-array "^1.2.1"
    detectie "1.0.0"
    flatbuffers "^1.10.2"
    jsverify "^0.8.4"
    lodash "^4.17.4"
    moment "^2.19.1"
    papaparse "^5.2.0"
    text-encoding-utf-8 "^1.0.2"
    tslib "^1.9.3"
    ws "^6.1.2"

"perspective-0-6-0@npm:@finos/perspective@0.6.0":
  version "0.6.0"
  resolved "https://registry.yarnpkg.com/@finos/perspective/-/perspective-0.6.0.tgz#52dc2ba88b184094e0ee1d50d15b56a774ea76ce"
  integrity sha512-qVEz6aD/lS8pskmrM6gZwfVQo5Uti2wUG6ncqvt3FapdxyZmvNYceBboXdl5c+j7bQqLdh3i9LHt1+RZXlmRkA==
  dependencies:
    "@babel/runtime" "^7.8.4"
    core-js "^3.6.4"
    d3-array "^1.2.1"
    detectie "1.0.0"
    flatbuffers "^1.10.2"
    lodash "^4.17.4"
    text-encoding-utf-8 "^1.0.2"
    tslib "^1.9.3"
    ws "^6.1.2"

"perspective-0-7-0@npm:@finos/perspective@0.7.0":
  version "0.7.0"
  resolved "https://registry.yarnpkg.com/@finos/perspective/-/perspective-0.7.0.tgz#f10cb51b186021e08b2d422b1f2a4573d8a71fc0"
  integrity sha512-2WPlCu4t50uPJvL9RbKxhffRxdyOFUGed5e2FsZVytkZ8kk79Sbl7i6uPvwud1UXtDfnaVPphrsTSpgyxYZy0A==
  dependencies:
    "@babel/runtime" "^7.8.4"
    core-js "^3.6.4"
    d3-array "^1.2.1"
    detectie "1.0.0"
    flatbuffers "^1.10.2"
    lodash "^4.17.4"
    text-encoding-utf-8 "^1.0.2"
    tslib "^1.9.3"
    ws "^6.1.2"

"perspective-0-8-0@npm:@finos/perspective@0.8.0":
  version "0.8.0"
  resolved "https://registry.yarnpkg.com/@finos/perspective/-/perspective-0.8.0.tgz#2dba84317c2e414d913a12fa48767c9187dc0b46"
  integrity sha512-QhZNx6dyJ1N3GZzSWeFEzH6tzGqdf05gaYXSaB6TuHFN/6N2YcthrbotbMh78ouGYVwbtBOo4vsM1mJAPAu84w==
  dependencies:
    "@babel/runtime" "^7.8.4"
    core-js "^3.6.4"
    d3-array "^1.2.1"
    detectie "1.0.0"
    flatbuffers "^1.10.2"
    lodash "^4.17.4"
    text-encoding-utf-8 "^1.0.2"
    tslib "^1.9.3"
    ws "^6.1.2"

"perspective-0-9-0@npm:@finos/perspective@0.9.0":
  version "0.9.0"
  resolved "https://registry.yarnpkg.com/@finos/perspective/-/perspective-0.9.0.tgz#a61ccd0c519bac037477491c93d046d5239b34f7"
  integrity sha512-CkQ8thiCcSLpIr08aMYaYaMcHgk0Cj2PS1TPpz0hbwlR27UZeItgqrR4LNb3Fl4O6lZ3DaBQXIlqV05sP9yvGg==
  dependencies:
    "@babel/runtime" "^7.8.4"
    core-js "^3.6.4"
    d3-array "^1.2.1"
    detectie "1.0.0"
    flatbuffers "^1.10.2"
    lodash "^4.17.4"
    text-encoding-utf-8 "^1.0.2"
    tslib "^1.9.3"
    ws "^6.1.2"

"perspective-1-0-0@npm:@finos/perspective@1.0.0":
  version "1.0.0"
  resolved "https://registry.yarnpkg.com/@finos/perspective/-/perspective-1.0.0.tgz#53831540b3d05a0d5d6f54602c83ea3f33e7b3f1"
  integrity sha512-WTi0hxM+EpWTpzqKp5w+ulGepUX6JGp+cwitSdCVHNsodRfatUNwVzdliVD5O8f2UMrkKMP4Dqwrm2WmxAj8Bg==
  dependencies:
    "@babel/runtime" "^7.8.4"
    core-js "^3.6.4"
    d3-array "^1.2.1"
    detectie "1.0.0"
    flatbuffers "^1.10.2"
    lodash "^4.17.4"
    text-encoding-utf-8 "^1.0.2"
    tslib "^1.9.3"
    ws "^6.1.2"

"perspective-1-1-0@npm:@finos/perspective@1.1.0":
  version "1.1.0"
  resolved "https://registry.yarnpkg.com/@finos/perspective/-/perspective-1.1.0.tgz#e68c5b2527e9e3fe4ca1ddd197f50fb5fc819035"
  integrity sha512-UHqkIKXmJ+q++hhVrVe9uFuNXifeyImHinUOi1Vyw172GpWZE1w8b53zRRk9P2U3WtYm7x7Jrhp1ILqkZ5F+aw==
  dependencies:
    fflate "^0.7.2"
    ws "^6.1.2"

"perspective-1-2-0@npm:@finos/perspective@1.2.0":
  version "1.2.0"
  resolved "https://registry.yarnpkg.com/@finos/perspective/-/perspective-1.2.0.tgz#cc6130b4501154dcc47089062c8a765cd0f8decf"
  integrity sha512-yOg83p/Z8agzq34CzkU3FzaNsdlWcr8yEDNScI1zyo2n39pvfhfCkM+d5RE/n9E9IDinn2lgk4L11ymsI79iUA==
  dependencies:
    fflate "^0.7.2"
    ws "^6.1.2"

"perspective-1-3-0@npm:@finos/perspective@1.3.0":
  version "1.3.0"
  resolved "https://registry.yarnpkg.com/@finos/perspective/-/perspective-1.3.0.tgz#195e90b0248b74dd19f1203618b04c5e574a6d33"
  integrity sha512-+Ll7l9aZTxhKcbdQC22Gj3A5CmLKCWTHF6AmXqopPq0dzsHHbmK+ME688zNwpb7aip8OiReOmBx9eh7LZKiDOw==
  dependencies:
    fflate "^0.7.2"
    ws "^6.1.2"

"perspective-1-4-0@npm:@finos/perspective@1.4.0":
  version "1.4.0"
  resolved "https://registry.yarnpkg.com/@finos/perspective/-/perspective-1.4.0.tgz#0a7eb25fc8a711ebf74905cb5228a0229298de47"
  integrity sha512-I12CehEq+6VljBNf/cHHgsTbPzYZcoINB/dTAJRcWUmGBMIuOzk4GYsQrNP6ekJj69gqM4C5a2rCeg7gurEN0g==
  dependencies:
    fflate "^0.7.2"
    ws "^6.1.2"

rc4@~0.1.5:
  version "0.1.5"
  resolved "https://registry.yarnpkg.com/rc4/-/rc4-0.1.5.tgz#08c6e04a0168f6eb621c22ab6cb1151bd9f4a64d"
  integrity sha512-xdDTNV90z5x5u25Oc871Xnvu7yAr4tV7Eluh0VSvrhUkry39q1k+zkz7xroqHbRq+8PiazySHJPArqifUvz9VA==

regenerator-runtime@^0.13.11:
  version "0.13.11"
  resolved "https://registry.yarnpkg.com/regenerator-runtime/-/regenerator-runtime-0.13.11.tgz#f6dca3e7ceec20590d07ada785636a90cdca17f9"
  integrity sha512-kY1AZVr2Ra+t+piVaJ4gxaFaReZVH40AKNo7UCX6W+dEwBo/2oZJzqfuN1qLq1oL45o56cPaTXELwrTh8Fpggg==

text-encoding-utf-8@^1.0.2:
  version "1.0.2"
  resolved "https://registry.yarnpkg.com/text-encoding-utf-8/-/text-encoding-utf-8-1.0.2.tgz#585b62197b0ae437e3c7b5d0af27ac1021e10d13"
  integrity sha512-8bw4MY9WjdsD2aMtO0OzOCY3pXGYNx2d2FfHRVUKkiCPDWjKuOlhLVASS+pD7VkLTVjW268LYJHwsnPFlBpbAg==

trampa@^1.0.0:
  version "1.0.1"
  resolved "https://registry.yarnpkg.com/trampa/-/trampa-1.0.1.tgz#b866bc192331f64b4f57a8acf4ab71d0e900b692"
  integrity sha512-93WeyHNuRggPEsfCe+yHxCgM2s6H3Q8Wmlt6b6ObJL8qc7eZlRaFjQxwTrB+zbvGtlDRnAkMoYYo3+2uH/fEwA==

tslib@^1.9.3:
  version "1.14.1"
  resolved "https://registry.yarnpkg.com/tslib/-/tslib-1.14.1.tgz#cf2d38bdc34a134bcaf1091c41f6619e2f672d00"
  integrity sha512-Xni35NKzjgMrwevysHTCArtLDpPvye8zV/0E4EyYn43P7/7qvQwPh9BGkHewbMulVntbigmcT7rdX3BNo9wRJg==

typify-parser@^1.1.0:
  version "1.1.0"
  resolved "https://registry.yarnpkg.com/typify-parser/-/typify-parser-1.1.0.tgz#ac73bfa5f25343468e2d0f3346c6117bc03d3c99"
  integrity sha512-p5+L1sc6Al3bcStMwiZNxDh4ii4JxL+famEbSIUuOUMVoNn9Nz27AT1jL3x7poMHxqKK0UQIUAp5lGkKbyKkFA==

ws@^6.1.2:
  version "6.2.2"
  resolved "https://registry.yarnpkg.com/ws/-/ws-6.2.2.tgz#dd5cdbd57a9979916097652d78f1cc5faea0c32e"
  integrity sha512-zmhltoSR8u1cnDsD43TX59mzoMZsLKqUweyYBAIvTngR3shc0W6aOZylZmq/7hqyVxPdi+5Ud2QInblgyE72fw==
  dependencies:
    async-limiter "~1.0.0"
